{
  "name": "facebook-messenger-automation",
  "version": "1.0.0",
  "lockfileVersion": 2,
  "requires": true,
  "packages": {
    "": {
      "name": "facebook-messenger-automation",
      "version": "1.0.0",
      "license": "MIT",
      "dependencies": {
        "chrome-extension-cli": "^3.0.0"
      }
    },
    "node_modules/chrome-extension-cli": {
      "version": "3.0.0",
      "resolved": "https://registry.npmjs.org/chrome-extension-cli/-/chrome-extension-cli-3.0.0.tgz",
      "integrity": "sha512-...",
      "dev": true
    }
  }
}
